// !$*UTF8*$!
{
	archiveVersion = 1;
	classes = {
	};
	objectVersion = 46;
	objects = {

/* Begin PBXBuildFile section */
		8D48EC441A869CB400E9ACF1 /* AppDelegate.swift in Sources */ = {isa = PBXBuildFile; fileRef = 8D48EC431A869CB400E9ACF1 /* AppDelegate.swift */; };
		8D48EC461A869CB400E9ACF1 /* RecordSoundsViewController.swift in Sources */ = {isa = PBXBuildFile; fileRef = 8D48EC451A869CB400E9ACF1 /* RecordSoundsViewController.swift */; };
		8D48EC491A869CB400E9ACF1 /* Main.storyboard in Resources */ = {isa = PBXBuildFile; fileRef = 8D48EC471A869CB400E9ACF1 /* Main.storyboard */; };
		8D48EC4B1A869CB400E9ACF1 /* Images.xcassets in Resources */ = {isa = PBXBuildFile; fileRef = 8D48EC4A1A869CB400E9ACF1 /* Images.xcassets */; };
		8D48EC4E1A869CB400E9ACF1 /* LaunchScreen.xib in Resources */ = {isa = PBXBuildFile; fileRef = 8D48EC4C1A869CB400E9ACF1 /* LaunchScreen.xib */; };
		8D48EC5A1A869CB400E9ACF1 /* Pitch_PerfectTests.swift in Sources */ = {isa = PBXBuildFile; fileRef = 8D48EC591A869CB400E9ACF1 /* Pitch_PerfectTests.swift */; };
		8D48EC641A86C8CB00E9ACF1 /* PlaySoundsViewController.swift in Sources */ = {isa = PBXBuildFile; fileRef = 8D48EC631A86C8CB00E9ACF1 /* PlaySoundsViewController.swift */; };
		8D48EC691A8982C200E9ACF1 /* RecordedAudio.swift in Sources */ = {isa = PBXBuildFile; fileRef = 8D48EC681A8982C200E9ACF1 /* RecordedAudio.swift */; };
/* End PBXBuildFile section */

/* Begin PBXContainerItemProxy section */
		8D48EC541A869CB400E9ACF1 /* PBXContainerItemProxy */ = {
			isa = PBXContainerItemProxy;
			containerPortal = 8D48EC361A869CB400E9ACF1 /* Project object */;
			proxyType = 1;
			remoteGlobalIDString = 8D48EC3D1A869CB400E9ACF1;
			remoteInfo = "Pitch Perfect";
		};
/* End PBXContainerItemProxy section */

/* Begin PBXFileReference section */
		8D48EC3E1A869CB400E9ACF1 /* Pitch Perfect.app */ = {isa = PBXFileReference; explicitFileType = wrapper.application; includeInIndex = 0; path = "Pitch Perfect.app"; sourceTree = BUILT_PRODUCTS_DIR; };
		8D48EC421A869CB400E9ACF1 /* Info.plist */ = {isa = PBXFileReference; lastKnownFileType = text.plist.xml; path = Info.plist; sourceTree = "<group>"; };
		8D48EC431A869CB400E9ACF1 /* AppDelegate.swift */ = {isa = PBXFileReference; lastKnownFileType = sourcecode.swift; path = AppDelegate.swift; sourceTree = "<group>"; };
		8D48EC451A869CB400E9ACF1 /* RecordSoundsViewController.swift */ = {isa = PBXFileReference; lastKnownFileType = sourcecode.swift; path = RecordSoundsViewController.swift; sourceTree = "<group>"; };
		8D48EC481A869CB400E9ACF1 /* Base */ = {isa = PBXFileReference; lastKnownFileType = file.storyboard; name = Base; path = Base.lproj/Main.storyboard; sourceTree = "<group>"; };
		8D48EC4A1A869CB400E9ACF1 /* Images.xcassets */ = {isa = PBXFileReference; lastKnownFileType = folder.assetcatalog; path = Images.xcassets; sourceTree = "<group>"; };
		8D48EC4D1A869CB400E9ACF1 /* Base */ = {isa = PBXFileReference; lastKnownFileType = file.xib; name = Base; path = Base.lproj/LaunchScreen.xib; sourceTree = "<group>"; };
		8D48EC531A869CB400E9ACF1 /* Pitch PerfectTests.xctest */ = {isa = PBXFileReference; explicitFileType = wrapper.cfbundle; includeInIndex = 0; path = "Pitch PerfectTests.xctest"; sourceTree = BUILT_PRODUCTS_DIR; };
		8D48EC581A869CB400E9ACF1 /* Info.plist */ = {isa = PBXFileReference; lastKnownFileType = text.plist.xml; path = Info.plist; sourceTree = "<group>"; };
		8D48EC591A869CB400E9ACF1 /* Pitch_PerfectTests.swift */ = {isa = PBXFileReference; lastKnownFileType = sourcecode.swift; path = Pitch_PerfectTests.swift; sourceTree = "<group>"; };
		8D48EC631A86C8CB00E9ACF1 /* PlaySoundsViewController.swift */ = {isa = PBXFileReference; fileEncoding = 4; lastKnownFileType = sourcecode.swift; path = PlaySoundsViewController.swift; sourceTree = "<group>"; };
		8D48EC681A8982C200E9ACF1 /* RecordedAudio.swift */ = {isa = PBXFileReference; fileEncoding = 4; lastKnownFileType = sourcecode.swift; path = RecordedAudio.swift; sourceTree = "<group>"; };
/* End PBXFileReference section */

/* Begin PBXFrameworksBuildPhase section */
		8D48EC3B1A869CB400E9ACF1 /* Frameworks */ = {
			isa = PBXFrameworksBuildPhase;
			buildActionMask = 2147483647;
			files = (
			);
			runOnlyForDeploymentPostprocessing = 0;
		};
		8D48EC501A869CB400E9ACF1 /* Frameworks */ = {
			isa = PBXFrameworksBuildPhase;
			buildActionMask = 2147483647;
			files = (
			);
			runOnlyForDeploymentPostprocessing = 0;
		};
/* End PBXFrameworksBuildPhase section */

/* Begin PBXGroup section */
		8D48EC351A869CB400E9ACF1 = {
			isa = PBXGroup;
			children = (
				8D48EC401A869CB400E9ACF1 /* Pitch Perfect */,
				8D48EC561A869CB400E9ACF1 /* Pitch PerfectTests */,
				8D48EC3F1A869CB400E9ACF1 /* Products */,
			);
			sourceTree = "<group>";
		};
		8D48EC3F1A869CB400E9ACF1 /* Products */ = {
			isa = PBXGroup;
			children = (
				8D48EC3E1A869CB400E9ACF1 /* Pitch Perfect.app */,
				8D48EC531A869CB400E9ACF1 /* Pitch PerfectTests.xctest */,
			);
			name = Products;
			sourceTree = "<group>";
		};
		8D48EC401A869CB400E9ACF1 /* Pitch Perfect */ = {
			isa = PBXGroup;
			children = (
				8D48EC431A869CB400E9ACF1 /* AppDelegate.swift */,
				8D48EC471A869CB400E9ACF1 /* Main.storyboard */,
				8D48EC451A869CB400E9ACF1 /* RecordSoundsViewController.swift */,
				8D48EC681A8982C200E9ACF1 /* RecordedAudio.swift */,
				8D48EC631A86C8CB00E9ACF1 /* PlaySoundsViewController.swift */,
				8D48EC4A1A869CB400E9ACF1 /* Images.xcassets */,
				8D48EC4C1A869CB400E9ACF1 /* LaunchScreen.xib */,
				8D48EC411A869CB400E9ACF1 /* Supporting Files */,
			);
			path = "Pitch Perfect";
			sourceTree = "<group>";
		};
		8D48EC411A869CB400E9ACF1 /* Supporting Files */ = {
			isa = PBXGroup;
			children = (
				8D48EC421A869CB400E9ACF1 /* Info.plist */,
			);
			name = "Supporting Files";
			sourceTree = "<group>";
		};
		8D48EC561A869CB400E9ACF1 /* Pitch PerfectTests */ = {
			isa = PBXGroup;
			children = (
				8D48EC591A869CB400E9ACF1 /* Pitch_PerfectTests.swift */,
				8D48EC571A869CB400E9ACF1 /* Supporting Files */,
			);
			path = "Pitch PerfectTests";
			sourceTree = "<group>";
		};
		8D48EC571A869CB400E9ACF1 /* Supporting Files */ = {
			isa = PBXGroup;
			children = (
				8D48EC581A869CB400E9ACF1 /* Info.plist */,
			);
			name = "Supporting Files";
			sourceTree = "<group>";
		};
/* End PBXGroup section */

/* Begin PBXNativeTarget section */
		8D48EC3D1A869CB400E9ACF1 /* Pitch Perfect */ = {
			isa = PBXNativeTarget;
			buildConfigurationList = 8D48EC5D1A869CB400E9ACF1 /* Build configuration list for PBXNativeTarget "Pitch Perfect" */;
			buildPhases = (
				8D48EC3A1A869CB400E9ACF1 /* Sources */,
				8D48EC3B1A869CB400E9ACF1 /* Frameworks */,
				8D48EC3C1A869CB400E9ACF1 /* Resources */,
			);
			buildRules = (
			);
			dependencies = (
			);
			name = "Pitch Perfect";
			productName = "Pitch Perfect";
			productReference = 8D48EC3E1A869CB400E9ACF1 /* Pitch Perfect.app */;
			productType = "com.apple.product-type.application";
		};
		8D48EC521A869CB400E9ACF1 /* Pitch PerfectTests */ = {
			isa = PBXNativeTarget;
			buildConfigurationList = 8D48EC601A869CB400E9ACF1 /* Build configuration list for PBXNativeTarget "Pitch PerfectTests" */;
			buildPhases = (
				8D48EC4F1A869CB400E9ACF1 /* Sources */,
				8D48EC501A869CB400E9ACF1 /* Frameworks */,
				8D48EC511A869CB400E9ACF1 /* Resources */,
			);
			buildRules = (
			);
			dependencies = (
				8D48EC551A869CB400E9ACF1 /* PBXTargetDependency */,
			);
			name = "Pitch PerfectTests";
			productName = "Pitch PerfectTests";
			productReference = 8D48EC531A869CB400E9ACF1 /* Pitch PerfectTests.xctest */;
			productType = "com.apple.product-type.bundle.unit-test";
		};
/* End PBXNativeTarget section */

/* Begin PBXProject section */
		8D48EC361A869CB400E9ACF1 /* Project object */ = {
			isa = PBXProject;
			attributes = {
				LastUpgradeCheck = 0610;
				ORGANIZATIONNAME = "Ghassan Mohammed";
				TargetAttributes = {
					8D48EC3D1A869CB400E9ACF1 = {
						CreatedOnToolsVersion = 6.1.1;
					};
					8D48EC521A869CB400E9ACF1 = {
						CreatedOnToolsVersion = 6.1.1;
						TestTargetID = 8D48EC3D1A869CB400E9ACF1;
					};
				};
			};
			buildConfigurationList = 8D48EC391A869CB400E9ACF1 /* Build configuration list for PBXProject "Pitch Perfect" */;
			compatibilityVersion = "Xcode 3.2";
			developmentRegion = English;
			hasScannedForEncodings = 0;
			knownRegions = (
				en,
				Base,
			);
			mainGroup = 8D48EC351A869CB400E9ACF1;
			productRefGroup = 8D48EC3F1A869CB400E9ACF1 /* Products */;
			projectDirPath = "";
			projectRoot = "";
			targets = (
				8D48EC3D1A869CB400E9ACF1 /* Pitch Perfect */,
				8D48EC521A869CB400E9ACF1 /* Pitch PerfectTests */,
			);
		};
/* End PBXProject section */

/* Begin PBXResourcesBuildPhase section */
		8D48EC3C1A869CB400E9ACF1 /* Resources */ = {
			isa = PBXResourcesBuildPhase;
			buildActionMask = 2147483647;
			files = (
				8D48EC491A869CB400E9ACF1 /* Main.storyboard in Resources */,
				8D48EC4E1A869CB400E9ACF1 /* LaunchScreen.xib in Resources */,
				8D48EC4B1A869CB400E9ACF1 /* Images.xcassets in Resources */,
			);
			runOnlyForDeploymentPostprocessing = 0;
		};
		8D48EC511A869CB400E9ACF1 /* Resources */ = {
			isa = PBXResourcesBuildPhase;
			buildActionMask = 2147483647;
			files = (
			);
			runOnlyForDeploymentPostprocessing = 0;
		};
/* End PBXResourcesBuildPhase section */

/* Begin PBXSourcesBuildPhase section */
		8D48EC3A1A869CB400E9ACF1 /* Sources */ = {
			isa = PBXSourcesBuildPhase;
			buildActionMask = 2147483647;
			files = (
				8D48EC691A8982C200E9ACF1 /* RecordedAudio.swift in Sources */,
				8D48EC461A869CB400E9ACF1 /* RecordSoundsViewController.swift in Sources */,
				8D48EC641A86C8CB00E9ACF1 /* PlaySoundsViewController.swift in Sources */,
				8D48EC441A869CB400E9ACF1 /* AppDelegate.swift in Sources */,
			);
			runOnlyForDeploymentPostprocessing = 0;
		};
		8D48EC4F1A869CB400E9ACF1 /* Sources */ = {
			isa = PBXSourcesBuildPhase;
			buildActionMask = 2147483647;
			files = (
				8D48EC5A1A869CB400E9ACF1 /* Pitch_PerfectTests.swift in Sources */,
			);
			runOnlyForDeploymentPostprocessing = 0;
		};
/* End PBXSourcesBuildPhase section */

/* Begin PBXTargetDependency section */
		8D48EC551A869CB400E9ACF1 /* PBXTargetDependency */ = {
			isa = PBXTargetDependency;
			target = 8D48EC3D1A869CB400E9ACF1 /* Pitch Perfect */;
			targetProxy = 8D48EC541A869CB400E9ACF1 /* PBXContainerItemProxy */;
		};
/* End PBXTargetDependency section */

/* Begin PBXVariantGroup section */
		8D48EC471A869CB400E9ACF1 /* Main.storyboard */ = {
			isa = PBXVariantGroup;
			children = (
				8D48EC481A869CB400E9ACF1 /* Base */,
			);
			name = Main.storyboard;
			sourceTree = "<group>";
		};
		8D48EC4C1A869CB400E9ACF1 /* LaunchScreen.xib */ = {
			isa = PBXVariantGroup;
			children = (
				8D48EC4D1A869CB400E9ACF1 /* Base */,
			);
			name = LaunchScreen.xib;
			sourceTree = "<group>";
		};
/* End PBXVariantGroup section */

/* Begin XCBuildConfiguration section */
		8D48EC5B1A869CB400E9ACF1 /* Debug */ = {
			isa = XCBuildConfiguration;
			buildSettings = {
				ALWAYS_SEARCH_USER_PATHS = NO;
				CLANG_CXX_LANGUAGE_STANDARD = "gnu++0x";
				CLANG_CXX_LIBRARY = "libc++";
				CLANG_ENABLE_MODULES = YES;
				CLANG_ENABLE_OBJC_ARC = YES;
				CLANG_WARN_BOOL_CONVERSION = YES;
				CLANG_WARN_CONSTANT_CONVERSION = YES;
				CLANG_WARN_DIRECT_OBJC_ISA_USAGE = YES_ERROR;
				CLANG_WARN_EMPTY_BODY = YES;
				CLANG_WARN_ENUM_CONVERSION = YES;
				CLANG_WARN_INT_CONVERSION = YES;
				CLANG_WARN_OBJC_ROOT_CLASS = YES_ERROR;
				CLANG_WARN_UNREACHABLE_CODE = YES;
				CLANG_WARN__DUPLICATE_METHOD_MATCH = YES;
				"CODE_SIGN_IDENTITY[sdk=iphoneos*]" = "iPhone Developer";
				COPY_PHASE_STRIP = NO;
				ENABLE_STRICT_OBJC_MSGSEND = YES;
				GCC_C_LANGUAGE_STANDARD = gnu99;
				GCC_DYNAMIC_NO_PIC = NO;
				GCC_OPTIMIZATION_LEVEL = 0;
				GCC_PREPROCESSOR_DEFINITIONS = (
					"DEBUG=1",
					"$(inherited)",
				);
				GCC_SYMBOLS_PRIVATE_EXTERN = NO;
				GCC_WARN_64_TO_32_BIT_CONVERSION = YES;
				GCC_WARN_ABOUT_RETURN_TYPE = YES_ERROR;
				GCC_WARN_UNDECLARED_SELECTOR = YES;
				GCC_WARN_UNINITIALIZED_AUTOS = YES_AGGRESSIVE;
				GCC_WARN_UNUSED_FUNCTION = YES;
				GCC_WARN_UNUSED_VARIABLE = YES;
				IPHONEOS_DEPLOYMENT_TARGET = 8.1;
				MTL_ENABLE_DEBUG_INFO = YES;
				ONLY_ACTIVE_ARCH = YES;
				SDKROOT = iphoneos;
				SWIFT_OPTIMIZATION_LEVEL = "-Onone";
			};
			name = Debug;
		};
		8D48EC5C1A869CB400E9ACF1 /* Release */ = {
			isa = XCBuildConfiguration;
			buildSettings = {
				ALWAYS_SEARCH_USER_PATHS = NO;
				CLANG_CXX_LANGUAGE_STANDARD = "gnu++0x";
				CLANG_CXX_LIBRARY = "libc++";
				CLANG_ENABLE_MODULES = YES;
				CLANG_ENABLE_OBJC_ARC = YES;
				CLANG_WARN_BOOL_CONVERSION = YES;
				CLANG_WARN_CONSTANT_CONVERSION = YES;
				CLANG_WARN_DIRECT_OBJC_ISA_USAGE = YES_ERROR;
				CLANG_WARN_EMPTY_BODY = YES;
				CLANG_WARN_ENUM_CONVERSION = YES;
				CLANG_WARN_INT_CONVERSION = YES;
				CLANG_WARN_OBJC_ROOT_CLASS = YES_ERROR;
				CLANG_WARN_UNREACHABLE_CODE = YES;
				CLANG_WARN__DUPLICATE_METHOD_MATCH = YES;
				"CODE_SIGN_IDENTITY[sdk=iphoneos*]" = "iPhone Developer";
				COPY_PHASE_STRIP = YES;
				ENABLE_NS_ASSERTIONS = NO;
				ENABLE_STRICT_OBJC_MSGSEND = YES;
				GCC_C_LANGUAGE_STANDARD = gnu99;
				GCC_WARN_64_TO_32_BIT_CONVERSION = YES;
				GCC_WARN_ABOUT_RETURN_TYPE = YES_ERROR;
				GCC_WARN_UNDECLARED_SELECTOR = YES;
				GCC_WARN_UNINITIALIZED_AUTOS = YES_AGGRESSIVE;
				GCC_WARN_UNUSED_FUNCTION = YES;
				GCC_WARN_UNUSED_VARIABLE = YES;
				IPHONEOS_DEPLOYMENT_TARGET = 8.1;
				MTL_ENABLE_DEBUG_INFO = NO;
				SDKROOT = iphoneos;
				VALIDATE_PRODUCT = YES;
			};
			name = Release;
		};
		8D48EC5E1A869CB400E9ACF1 /* Debug */ = {
			isa = XCBuildConfiguration;
			buildSettings = {
				ASSETCATALOG_COMPILER_APPICON_NAME = AppIcon;
				INFOPLIST_FILE = "Pitch Perfect/Info.plist";
				LD_RUNPATH_SEARCH_PATHS = "$(inherited) @executable_path/Frameworks";
				PRODUCT_NAME = "$(TARGET_NAME)";
				TARGETED_DEVICE_FAMILY = "1,2";
			};
			name = Debug;
		};
		8D48EC5F1A869CB400E9ACF1 /* Release */ = {
			isa = XCBuildConfiguration;
			buildSettings = {
				ASSETCATALOG_COMPILER_APPICON_NAME = AppIcon;
				INFOPLIST_FILE = "Pitch Perfect/Info.plist";
				LD_RUNPATH_SEARCH_PATHS = "$(inherited) @executable_path/Frameworks";
				PRODUCT_NAME = "$(TARGET_NAME)";
				TARGETED_DEVICE_FAMILY = "1,2";
			};
			name = Release;
		};
		8D48EC611A869CB400E9ACF1 /* Debug */ = {
			isa = XCBuildConfiguration;
			buildSettings = {
				BUNDLE_LOADER = "$(TEST_HOST)";
				FRAMEWORK_SEARCH_PATHS = (
					"$(SDKROOT)/Developer/Library/Frameworks",
					"$(inherited)",
				);
				GCC_PREPROCESSOR_DEFINITIONS = (
					"DEBUG=1",
					"$(inherited)",
				);
				INFOPLIST_FILE = "Pitch PerfectTests/Info.plist";
				LD_RUNPATH_SEARCH_PATHS = "$(inherited) @executable_path/Frameworks @loader_path/Frameworks";
				PRODUCT_NAME = "$(TARGET_NAME)";
				TEST_HOST = "$(BUILT_PRODUCTS_DIR)/Pitch Perfect.app/Pitch Perfect";
			};
			name = Debug;
		};
		8D48EC621A869CB400E9ACF1 /* Release */ = {
			isa = XCBuildConfiguration;
			buildSettings = {
				BUNDLE_LOADER = "$(TEST_HOST)";
				FRAMEWORK_SEARCH_PATHS = (
					"$(SDKROOT)/Developer/Library/Frameworks",
					"$(inherited)",
				);
				INFOPLIST_FILE = "Pitch PerfectTests/Info.plist";
				LD_RUNPATH_SEARCH_PATHS = "$(inherited) @executable_path/Frameworks @loader_path/Frameworks";
				PRODUCT_NAME = "$(TARGET_NAME)";
				TEST_HOST = "$(BUILT_PRODUCTS_DIR)/Pitch Perfect.app/Pitch Perfect";
			};
			name = Release;
		};
/* End XCBuildConfiguration section */

/* Begin XCConfigurationList section */
		8D48EC391A869CB400E9ACF1 /* Build configuration list for PBXProject "Pitch Perfect" */ = {
			isa = XCConfigurationList;
			buildConfigurations = (
				8D48EC5B1A869CB400E9ACF1 /* Debug */,
				8D48EC5C1A869CB400E9ACF1 /* Release */,
			);
			defaultConfigurationIsVisible = 0;
			defaultConfigurationName = Release;
		};
		8D48EC5D1A869CB400E9ACF1 /* Build configuration list for PBXNativeTarget "Pitch Perfect" */ = {
			isa = XCConfigurationList;
			buildConfigurations = (
				8D48EC5E1A869CB400E9ACF1 /* Debug */,
				8D48EC5F1A869CB400E9ACF1 /* Release */,
			);
			defaultConfigurationIsVisible = 0;
			defaultConfigurationName = Release;
		};
		8D48EC601A869CB400E9ACF1 /* Build configuration list for PBXNativeTarget "Pitch PerfectTests" */ = {
			isa = XCConfigurationList;
			buildConfigurations = (
				8D48EC611A869CB400E9ACF1 /* Debug */,
				8D48EC621A869CB400E9ACF1 /* Release */,
			);
			defaultConfigurationIsVisible = 0;
			defaultConfigurationName = Release;
		};
/* End XCConfigurationList section */
	};
	rootObject = 8D48EC361A869CB400E9ACF1 /* Project object */;
}
